// !$*UTF8*$!
{
	archiveVersion = 1;
	classes = {
	};
	objectVersion = 77;
	objects = {

/* Begin PBXBuildFile section */
		8B41F6832DEDD23B001A66F9 /* ShareGatherFeature in Frameworks */ = {isa = PBXBuildFile; productRef = 8B41F6822DEDD23B001A66F9 /* ShareGatherFeature */; };
		8B41F6852DEDD25C001A66F9 /* ShareGatherFeature in Frameworks */ = {isa = PBXBuildFile; productRef = 8B41F6842DEDD25C001A66F9 /* ShareGatherFeature */; };
		8B41F6872DEDD25C001A66F9 /* ShareGatherShareExtension.appex in Embed Foundation Extensions */ = {isa = PBXBuildFile; fileRef = 8B41F6892DEDD25C001A66F9 /* ShareGatherShareExtension.appex */; settings = {ATTRIBUTES = (CodeSignOnCopy, RemoveHeadersOnCopy, ); }; };
		8B41F6962DEDD25C001A66F9 /* ShareGatherStorage in Frameworks */ = {isa = PBXBuildFile; productRef = 8B41F6952DEDD25C001A66F9 /* ShareGatherStorage */; };
		8B41F6A62DEDD25C001A66F9 /* ShareGatherActionExtension.appex in Embed Foundation Extensions */ = {isa = PBXBuildFile; fileRef = 8B41F6A82DEDD25C001A66F9 /* ShareGatherActionExtension.appex */; settings = {ATTRIBUTES = (CodeSignOnCopy, RemoveHeadersOnCopy, ); }; };
		8B41F6B52DEDD25C001A66F9 /* ShareGatherStorage in Frameworks */ = {isa = PBXBuildFile; productRef = 8B41F6B42DEDD25C001A66F9 /* ShareGatherStorage */; };
		8B41F6B62DEDD25C001A66F9 /* ShareGatherShareExtension/ShareViewController.swift in Sources */ = {isa = PBXBuildFile; fileRef = 8B41F6B72DEDD25C001A66F9 /* ShareGatherShareExtension/ShareViewController.swift */; };
		C0D3A0012F40000100000001 /* ShareGatherReminders in Frameworks */ = {isa = PBXBuildFile; productRef = C0D3A0012F40000100000002 /* ShareGatherReminders */; };
		C0D3A0012F40000100000003 /* ShareGatherReminders in Frameworks */ = {isa = PBXBuildFile; productRef = C0D3A0012F40000100000004 /* ShareGatherReminders */; };
/* End PBXBuildFile section */

/* Begin PBXContainerItemProxy section */
		8B41F65D2DEDD0D6001A66F9 /* PBXContainerItemProxy */ = {
			isa = PBXContainerItemProxy;
			containerPortal = 8B41F63D2DEDD0D5001A66F9 /* Project object */;
			proxyType = 1;
			remoteGlobalIDString = 8B41F6442DEDD0D5001A66F9;
			remoteInfo = ShareGather;
		};
		8B41F6882DEDD25C001A66F9 /* PBXContainerItemProxy */ = {
			isa = PBXContainerItemProxy;
			containerPortal = 8B41F63D2DEDD0D5001A66F9 /* Project object */;
			proxyType = 1;
			remoteGlobalIDString = 8B41F68E2DEDD25C001A66F9;
			remoteInfo = ShareGatherShareExtension;
		};
		8B41F6A72DEDD25C001A66F9 /* PBXContainerItemProxy */ = {
			isa = PBXContainerItemProxy;
			containerPortal = 8B41F63D2DEDD0D5001A66F9 /* Project object */;
			proxyType = 1;
			remoteGlobalIDString = 8B41F6A92DEDD25C001A66F9;
			remoteInfo = ShareGatherActionExtension;
		};
/* End PBXContainerItemProxy section */

/* Begin PBXCopyFilesBuildPhase section */
		8B41F68C2DEDD25C001A66F9 /* Embed Foundation Extensions */ = {
			isa = PBXCopyFilesBuildPhase;
			buildActionMask = 2147483647;
			dstPath = "";
			dstSubfolderSpec = 13;
			files = (
				8B41F6872DEDD25C001A66F9 /* ShareGatherShareExtension.appex in Embed Foundation Extensions */,
				8B41F6A62DEDD25C001A66F9 /* ShareGatherActionExtension.appex in Embed Foundation Extensions */,
			);
			name = "Embed Foundation Extensions";
			runOnlyForDeploymentPostprocessing = 0;
		};
/* End PBXCopyFilesBuildPhase section */

/* Begin PBXFileReference section */
		8B41F6452DEDD0D5001A66F9 /* ShareGather.app */ = {isa = PBXFileReference; explicitFileType = wrapper.application; includeInIndex = 0; path = ShareGather.app; sourceTree = BUILT_PRODUCTS_DIR; };
		8B41F65C2DEDD0D6001A66F9 /* ShareGather.xctest */ = {isa = PBXFileReference; explicitFileType = wrapper.cfbundle; includeInIndex = 0; path = ShareGather.xctest; sourceTree = BUILT_PRODUCTS_DIR; };
		8B41F6892DEDD25C001A66F9 /* ShareGatherShareExtension.appex */ = {isa = PBXFileReference; explicitFileType = "wrapper.app-extension"; includeInIndex = 0; path = ShareGatherShareExtension.appex; sourceTree = BUILT_PRODUCTS_DIR; };
		8B41F6A82DEDD25C001A66F9 /* ShareGatherActionExtension.appex */ = {isa = PBXFileReference; explicitFileType = "wrapper.app-extension"; includeInIndex = 0; path = ShareGatherActionExtension.appex; sourceTree = BUILT_PRODUCTS_DIR; };
		8B41F6B72DEDD25C001A66F9 /* ShareGatherShareExtension/ShareViewController.swift */ = {isa = PBXFileReference; lastKnownFileType = sourcecode.swift; path = ShareGatherShareExtension/ShareViewController.swift; sourceTree = SOURCE_ROOT; };
/* End PBXFileReference section */

/* Begin PBXFileSystemSynchronizedBuildFileExceptionSet section */
		8B41F68A2DEDD25C001A66F9 /* Exceptions for "ShareGatherShareExtension" folder in "ShareGatherShareExtension" target */ = {
			isa = PBXFileSystemSynchronizedBuildFileExceptionSet;
			membershipExceptions = (
				Info.plist,
			);
			target = 8B41F68E2DEDD25C001A66F9 /* ShareGatherShareExtension */;
		};
		8B41F6AA2DEDD25C001A66F9 /* Exceptions for "ShareGatherActionExtension" folder in "ShareGatherActionExtension" target */ = {
			isa = PBXFileSystemSynchronizedBuildFileExceptionSet;
			membershipExceptions = (
				Info.plist,
			);
			target = 8B41F6A92DEDD25C001A66F9 /* ShareGatherActionExtension */;
		};
		8BD71C0A2DEE41E000CEDD92 /* Exceptions for "Config" folder in "ShareGather" target */ = {
			isa = PBXFileSystemSynchronizedBuildFileExceptionSet;
			membershipExceptions = (
				Debug.xcconfig,
				Release.xcconfig,
				ShareGatherInfo.plist,
				Shared.xcconfig,
				Tests.xcconfig,
			);
			target = 8B41F6442DEDD0D5001A66F9 /* ShareGather */;
		};
/* End PBXFileSystemSynchronizedBuildFileExceptionSet section */

/* Begin PBXFileSystemSynchronizedRootGroup section */
		8B41F6472DEDD0D5001A66F9 /* ShareGather */ = {
			isa = PBXFileSystemSynchronizedRootGroup;
			path = ShareGather;
			sourceTree = "<group>";
		};
		8B41F65F2DEDD0D6001A66F9 /* ShareGatherUITests */ = {
			isa = PBXFileSystemSynchronizedRootGroup;
			path = ShareGatherUITests;
			sourceTree = "<group>";
		};
		8B41F68B2DEDD25C001A66F9 /* ShareGatherShareExtension */ = {
			isa = PBXFileSystemSynchronizedRootGroup;
			exceptions = (
				8B41F68A2DEDD25C001A66F9 /* Exceptions for "ShareGatherShareExtension" folder in "ShareGatherShareExtension" target */,
			);
			path = ShareGatherShareExtension;
			sourceTree = "<group>";
		};
		8B41F6AB2DEDD25C001A66F9 /* ShareGatherActionExtension */ = {
			isa = PBXFileSystemSynchronizedRootGroup;
			exceptions = (
				8B41F6AA2DEDD25C001A66F9 /* Exceptions for "ShareGatherActionExtension" folder in "ShareGatherActionExtension" target */,
			);
			path = ShareGatherActionExtension;
			sourceTree = "<group>";
		};
		8BD71C052DEE41D800CEDD92 /* Config */ = {
			isa = PBXFileSystemSynchronizedRootGroup;
			exceptions = (
				8BD71C0A2DEE41E000CEDD92 /* Exceptions for "Config" folder in "ShareGather" target */,
			);
			path = Config;
			sourceTree = "<group>";
		};
/* End PBXFileSystemSynchronizedRootGroup section */

/* Begin PBXFrameworksBuildPhase section */
		8B41F6422DEDD0D5001A66F9 /* Frameworks */ = {
			isa = PBXFrameworksBuildPhase;
			buildActionMask = 2147483647;
			files = (
				8B41F6852DEDD25C001A66F9 /* ShareGatherFeature in Frameworks */,
			);
			runOnlyForDeploymentPostprocessing = 0;
		};
		8B41F6592DEDD0D6001A66F9 /* Frameworks */ = {
			isa = PBXFrameworksBuildPhase;
			buildActionMask = 2147483647;
			files = (
				8B41F6832DEDD23B001A66F9 /* ShareGatherFeature in Frameworks */,
			);
			runOnlyForDeploymentPostprocessing = 0;
		};
		8B41F68D2DEDD25C001A66F9 /* Frameworks */ = {
			isa = PBXFrameworksBuildPhase;
			buildActionMask = 2147483647;
			files = (
				C0D3A0012F40000100000001 /* ShareGatherReminders in Frameworks */,
				8B41F6962DEDD25C001A66F9 /* ShareGatherStorage in Frameworks */,
			);
			runOnlyForDeploymentPostprocessing = 0;
		};
		8B41F6AC2DEDD25C001A66F9 /* Frameworks */ = {
			isa = PBXFrameworksBuildPhase;
			buildActionMask = 2147483647;
			files = (
				C0D3A0012F40000100000003 /* ShareGatherReminders in Frameworks */,
				8B41F6B52DEDD25C001A66F9 /* ShareGatherStorage in Frameworks */,
			);
			runOnlyForDeploymentPostprocessing = 0;
		};
/* End PBXFrameworksBuildPhase section */

/* Begin PBXGroup section */
		449284163012624700A8ED4C /* Recovered References */ = {
			isa = PBXGroup;
			children = (
				8B41F6B72DEDD25C001A66F9 /* ShareGatherShareExtension/ShareViewController.swift */,
			);
			name = "Recovered References";
			sourceTree = "<group>";
		};
		8B41F63C2DEDD0D5001A66F9 = {
			isa = PBXGroup;
			children = (
				8BD71C052DEE41D800CEDD92 /* Config */,
				8B41F6472DEDD0D5001A66F9 /* ShareGather */,
				8B41F65F2DEDD0D6001A66F9 /* ShareGatherUITests */,
				8B41F68B2DEDD25C001A66F9 /* ShareGatherShareExtension */,
				8B41F6AB2DEDD25C001A66F9 /* ShareGatherActionExtension */,
				8B41F6812DEDD23B001A66F9 /* Frameworks */,
				8B41F6462DEDD0D5001A66F9 /* Products */,
				449284163012624700A8ED4C /* Recovered References */,
			);
			sourceTree = "<group>";
		};
		8B41F6462DEDD0D5001A66F9 /* Products */ = {
			isa = PBXGroup;
			children = (
				8B41F6452DEDD0D5001A66F9 /* ShareGather.app */,
				8B41F65C2DEDD0D6001A66F9 /* ShareGather.xctest */,
				8B41F6892DEDD25C001A66F9 /* ShareGatherShareExtension.appex */,
				8B41F6A82DEDD25C001A66F9 /* ShareGatherActionExtension.appex */,
			);
			name = Products;
			sourceTree = "<group>";
		};
		8B41F6812DEDD23B001A66F9 /* Frameworks */ = {
			isa = PBXGroup;
			children = (
			);
			name = Frameworks;
			sourceTree = "<group>";
		};
/* End PBXGroup section */

/* Begin PBXNativeTarget section */
		8B41F6442DEDD0D5001A66F9 /* ShareGather */ = {
			isa = PBXNativeTarget;
			buildConfigurationList = 8B41F6662DEDD0D6001A66F9 /* Build configuration list for PBXNativeTarget "ShareGather" */;
			buildPhases = (
				8B41F6412DEDD0D5001A66F9 /* Sources */,
				8B41F6422DEDD0D5001A66F9 /* Frameworks */,
				8B41F6432DEDD0D5001A66F9 /* Resources */,
				8B41F68C2DEDD25C001A66F9 /* Embed Foundation Extensions */,
			);
			buildRules = (
			);
			dependencies = (
				8B41F6912DEDD25C001A66F9 /* PBXTargetDependency */,
				8B41F6AF2DEDD25C001A66F9 /* PBXTargetDependency */,
			);
			fileSystemSynchronizedGroups = (
				8B41F6472DEDD0D5001A66F9 /* ShareGather */,
				8BD71C052DEE41D800CEDD92 /* Config */,
			);
			name = ShareGather;
			packageProductDependencies = (
				8B41F6842DEDD25C001A66F9 /* ShareGatherFeature */,
			);
			productName = ShareGather;
			productReference = 8B41F6452DEDD0D5001A66F9 /* ShareGather.app */;
			productType = "com.apple.product-type.application";
		};
		8B41F65B2DEDD0D6001A66F9 /* ShareGatherUITests */ = {
			isa = PBXNativeTarget;
			buildConfigurationList = 8B41F66C2DEDD0D6001A66F9 /* Build configuration list for PBXNativeTarget "ShareGatherUITests" */;
			buildPhases = (
				8B41F6582DEDD0D6001A66F9 /* Sources */,
				8B41F6592DEDD0D6001A66F9 /* Frameworks */,
				8B41F65A2DEDD0D6001A66F9 /* Resources */,
			);
			buildRules = (
			);
			dependencies = (
				8B41F65E2DEDD0D6001A66F9 /* PBXTargetDependency */,
			);
			fileSystemSynchronizedGroups = (
				8B41F65F2DEDD0D6001A66F9 /* ShareGatherUITests */,
			);
			name = ShareGatherUITests;
			packageProductDependencies = (
				8B41F6822DEDD23B001A66F9 /* ShareGatherFeature */,
			);
			productName = ShareGatherUITests;
			productReference = 8B41F65C2DEDD0D6001A66F9 /* ShareGather.xctest */;
			productType = "com.apple.product-type.bundle.ui-testing";
		};
		8B41F68E2DEDD25C001A66F9 /* ShareGatherShareExtension */ = {
			isa = PBXNativeTarget;
			buildConfigurationList = 8B41F6942DEDD25C001A66F9 /* Build configuration list for PBXNativeTarget "ShareGatherShareExtension" */;
			buildPhases = (
				8B41F6902DEDD25C001A66F9 /* Sources */,
				8B41F68D2DEDD25C001A66F9 /* Frameworks */,
				8B41F68F2DEDD25C001A66F9 /* Resources */,
			);
			buildRules = (
			);
			dependencies = (
			);
			fileSystemSynchronizedGroups = (
				8B41F68B2DEDD25C001A66F9 /* ShareGatherShareExtension */,
			);
			name = ShareGatherShareExtension;
			packageProductDependencies = (
				C0D3A0012F40000100000002 /* ShareGatherReminders */,
				8B41F6952DEDD25C001A66F9 /* ShareGatherStorage */,
			);
			productName = ShareGatherShareExtension;
			productReference = 8B41F6892DEDD25C001A66F9 /* ShareGatherShareExtension.appex */;
			productType = "com.apple.product-type.app-extension";
		};
		8B41F6A92DEDD25C001A66F9 /* ShareGatherActionExtension */ = {
			isa = PBXNativeTarget;
			buildConfigurationList = 8B41F6B02DEDD25C001A66F9 /* Build configuration list for PBXNativeTarget "ShareGatherActionExtension" */;
			buildPhases = (
				8B41F6AD2DEDD25C001A66F9 /* Sources */,
				8B41F6AC2DEDD25C001A66F9 /* Frameworks */,
				8B41F6AE2DEDD25C001A66F9 /* Resources */,
			);
			buildRules = (
			);
			dependencies = (
			);
			fileSystemSynchronizedGroups = (
				8B41F6AB2DEDD25C001A66F9 /* ShareGatherActionExtension */,
			);
			name = ShareGatherActionExtension;
			packageProductDependencies = (
				C0D3A0012F40000100000004 /* ShareGatherReminders */,
				8B41F6B42DEDD25C001A66F9 /* ShareGatherStorage */,
			);
			productName = ShareGatherActionExtension;
			productReference = 8B41F6A82DEDD25C001A66F9 /* ShareGatherActionExtension.appex */;
			productType = "com.apple.product-type.app-extension";
		};
/* End PBXNativeTarget section */

/* Begin PBXProject section */
		8B41F63D2DEDD0D5001A66F9 /* Project object */ = {
			isa = PBXProject;
			attributes = {
				BuildIndependentTargetsInParallel = 1;
				LastSwiftUpdateCheck = 1630;
				LastUpgradeCheck = 1630;
				TargetAttributes = {
					8B41F6442DEDD0D5001A66F9 = {
						CreatedOnToolsVersion = 16.3;
					};
					8B41F65B2DEDD0D6001A66F9 = {
						CreatedOnToolsVersion = 16.3;
						TestTargetID = 8B41F6442DEDD0D5001A66F9;
					};
					8B41F68E2DEDD25C001A66F9 = {
						CreatedOnToolsVersion = 16.3;
					};
					8B41F6A92DEDD25C001A66F9 = {
						CreatedOnToolsVersion = 16.3;
					};
				};
			};
			buildConfigurationList = 8B41F6402DEDD0D5001A66F9 /* Build configuration list for PBXProject "ShareGather" */;
			developmentRegion = en;
			hasScannedForEncodings = 0;
			knownRegions = (
				en,
				Base,
				"zh-Hans",
				"zh-Hant",
			);
			mainGroup = 8B41F63C2DEDD0D5001A66F9;
			minimizedProjectReferenceProxies = 1;
			packageReferences = (
				8B41F6802DEDD23B001A66F9 /* XCLocalSwiftPackageReference "ShareGatherPackage" */,
			);
			preferredProjectObjectVersion = 77;
			productRefGroup = 8B41F6462DEDD0D5001A66F9 /* Products */;
			projectDirPath = "";
			projectRoot = "";
			targets = (
				8B41F6442DEDD0D5001A66F9 /* ShareGather */,
				8B41F65B2DEDD0D6001A66F9 /* ShareGatherUITests */,
				8B41F68E2DEDD25C001A66F9 /* ShareGatherShareExtension */,
				8B41F6A92DEDD25C001A66F9 /* ShareGatherActionExtension */,
			);
		};
/* End PBXProject section */

/* Begin PBXResourcesBuildPhase section */
		8B41F6432DEDD0D5001A66F9 /* Resources */ = {
			isa = PBXResourcesBuildPhase;
			buildActionMask = 2147483647;
			files = (
			);
			runOnlyForDeploymentPostprocessing = 0;
		};
		8B41F65A2DEDD0D6001A66F9 /* Resources */ = {
			isa = PBXResourcesBuildPhase;
			buildActionMask = 2147483647;
			files = (
			);
			runOnlyForDeploymentPostprocessing = 0;
		};
		8B41F68F2DEDD25C001A66F9 /* Resources */ = {
			isa = PBXResourcesBuildPhase;
			buildActionMask = 2147483647;
			files = (
			);
			runOnlyForDeploymentPostprocessing = 0;
		};
		8B41F6AE2DEDD25C001A66F9 /* Resources */ = {
			isa = PBXResourcesBuildPhase;
			buildActionMask = 2147483647;
			files = (
			);
			runOnlyForDeploymentPostprocessing = 0;
		};
/* End PBXResourcesBuildPhase section */

/* Begin PBXSourcesBuildPhase section */
		8B41F6412DEDD0D5001A66F9 /* Sources */ = {
			isa = PBXSourcesBuildPhase;
			buildActionMask = 2147483647;
			files = (
			);
			runOnlyForDeploymentPostprocessing = 0;
		};
		8B41F6582DEDD0D6001A66F9 /* Sources */ = {
			isa = PBXSourcesBuildPhase;
			buildActionMask = 2147483647;
			files = (
			);
			runOnlyForDeploymentPostprocessing = 0;
		};
		8B41F6902DEDD25C001A66F9 /* Sources */ = {
			isa = PBXSourcesBuildPhase;
			buildActionMask = 2147483647;
			files = (
			);
			runOnlyForDeploymentPostprocessing = 0;
		};
		8B41F6AD2DEDD25C001A66F9 /* Sources */ = {
			isa = PBXSourcesBuildPhase;
			buildActionMask = 2147483647;
			files = (
				8B41F6B62DEDD25C001A66F9 /* ShareGatherShareExtension/ShareViewController.swift in Sources */,
			);
			runOnlyForDeploymentPostprocessing = 0;
		};
/* End PBXSourcesBuildPhase section */

/* Begin PBXTargetDependency section */
		8B41F65E2DEDD0D6001A66F9 /* PBXTargetDependency */ = {
			isa = PBXTargetDependency;
			target = 8B41F6442DEDD0D5001A66F9 /* ShareGather */;
			targetProxy = 8B41F65D2DEDD0D6001A66F9 /* PBXContainerItemProxy */;
		};
		8B41F6912DEDD25C001A66F9 /* PBXTargetDependency */ = {
			isa = PBXTargetDependency;
			target = 8B41F68E2DEDD25C001A66F9 /* ShareGatherShareExtension */;
			targetProxy = 8B41F6882DEDD25C001A66F9 /* PBXContainerItemProxy */;
		};
		8B41F6AF2DEDD25C001A66F9 /* PBXTargetDependency */ = {
			isa = PBXTargetDependency;
			target = 8B41F6A92DEDD25C001A66F9 /* ShareGatherActionExtension */;
			targetProxy = 8B41F6A72DEDD25C001A66F9 /* PBXContainerItemProxy */;
		};
/* End PBXTargetDependency section */

/* Begin XCBuildConfiguration section */
		8B41F6642DEDD0D6001A66F9 /* Debug */ = {
			isa = XCBuildConfiguration;
			buildSettings = {
				ALWAYS_SEARCH_USER_PATHS = NO;
				ASSETCATALOG_COMPILER_GENERATE_SWIFT_ASSET_SYMBOL_EXTENSIONS = YES;
				CLANG_ANALYZER_NONNULL = YES;
				CLANG_ANALYZER_NUMBER_OBJECT_CONVERSION = YES_AGGRESSIVE;
				CLANG_CXX_LANGUAGE_STANDARD = "gnu++20";
				CLANG_ENABLE_MODULES = YES;
				CLANG_ENABLE_OBJC_ARC = YES;
				CLANG_ENABLE_OBJC_WEAK = YES;
				CLANG_WARN_BLOCK_CAPTURE_AUTORELEASING = YES;
				CLANG_WARN_BOOL_CONVERSION = YES;
				CLANG_WARN_COMMA = YES;
				CLANG_WARN_CONSTANT_CONVERSION = YES;
				CLANG_WARN_DEPRECATED_OBJC_IMPLEMENTATIONS = YES;
				CLANG_WARN_DIRECT_OBJC_ISA_USAGE = YES_ERROR;
				CLANG_WARN_DOCUMENTATION_COMMENTS = YES;
				CLANG_WARN_EMPTY_BODY = YES;
				CLANG_WARN_ENUM_CONVERSION = YES;
				CLANG_WARN_INFINITE_RECURSION = YES;
				CLANG_WARN_INT_CONVERSION = YES;
				CLANG_WARN_NON_LITERAL_NULL_CONVERSION = YES;
				CLANG_WARN_OBJC_IMPLICIT_RETAIN_SELF = YES;
				CLANG_WARN_OBJC_LITERAL_CONVERSION = YES;
				CLANG_WARN_OBJC_ROOT_CLASS = YES_ERROR;
				CLANG_WARN_QUOTED_INCLUDE_IN_FRAMEWORK_HEADER = YES;
				CLANG_WARN_RANGE_LOOP_ANALYSIS = YES;
				CLANG_WARN_STRICT_PROTOTYPES = YES;
				CLANG_WARN_SUSPICIOUS_MOVE = YES;
				CLANG_WARN_UNGUARDED_AVAILABILITY = YES_AGGRESSIVE;
				CLANG_WARN_UNREACHABLE_CODE = YES;
				CLANG_WARN__DUPLICATE_METHOD_MATCH = YES;
				COPY_PHASE_STRIP = NO;
				DEBUG_INFORMATION_FORMAT = dwarf;
				ENABLE_STRICT_OBJC_MSGSEND = YES;
				ENABLE_TESTABILITY = YES;
				ENABLE_USER_SCRIPT_SANDBOXING = YES;
				GCC_C_LANGUAGE_STANDARD = gnu17;
				GCC_DYNAMIC_NO_PIC = NO;
				GCC_NO_COMMON_BLOCKS = YES;
				GCC_OPTIMIZATION_LEVEL = 0;
				GCC_PREPROCESSOR_DEFINITIONS = (
					"DEBUG=1",
					"$(inherited)",
				);
				GCC_WARN_64_TO_32_BIT_CONVERSION = YES;
				GCC_WARN_ABOUT_RETURN_TYPE = YES_ERROR;
				GCC_WARN_UNDECLARED_SELECTOR = YES;
				GCC_WARN_UNINITIALIZED_AUTOS = YES_AGGRESSIVE;
				GCC_WARN_UNUSED_FUNCTION = YES;
				GCC_WARN_UNUSED_VARIABLE = YES;
				IPHONEOS_DEPLOYMENT_TARGET = 18.4;
				LOCALIZATION_PREFERS_STRING_CATALOGS = YES;
				MTL_ENABLE_DEBUG_INFO = INCLUDE_SOURCE;
				MTL_FAST_MATH = YES;
				ONLY_ACTIVE_ARCH = YES;
				SDKROOT = iphoneos;
				SWIFT_ACTIVE_COMPILATION_CONDITIONS = "DEBUG $(inherited)";
				SWIFT_OPTIMIZATION_LEVEL = "-Onone";
				SWIFT_VERSION = 5.0;
			};
			name = Debug;
		};
		8B41F6652DEDD0D6001A66F9 /* Release */ = {
			isa = XCBuildConfiguration;
			buildSettings = {
				ALWAYS_SEARCH_USER_PATHS = NO;
				ASSETCATALOG_COMPILER_GENERATE_SWIFT_ASSET_SYMBOL_EXTENSIONS = YES;
				CLANG_ANALYZER_NONNULL = YES;
				CLANG_ANALYZER_NUMBER_OBJECT_CONVERSION = YES_AGGRESSIVE;
				CLANG_CXX_LANGUAGE_STANDARD = "gnu++20";
				CLANG_ENABLE_MODULES = YES;
				CLANG_ENABLE_OBJC_ARC = YES;
				CLANG_ENABLE_OBJC_WEAK = YES;
				CLANG_WARN_BLOCK_CAPTURE_AUTORELEASING = YES;
				CLANG_WARN_BOOL_CONVERSION = YES;
				CLANG_WARN_COMMA = YES;
				CLANG_WARN_CONSTANT_CONVERSION = YES;
				CLANG_WARN_DEPRECATED_OBJC_IMPLEMENTATIONS = YES;
				CLANG_WARN_DIRECT_OBJC_ISA_USAGE = YES_ERROR;
				CLANG_WARN_DOCUMENTATION_COMMENTS = YES;
				CLANG_WARN_EMPTY_BODY = YES;
				CLANG_WARN_ENUM_CONVERSION = YES;
				CLANG_WARN_INFINITE_RECURSION = YES;
				CLANG_WARN_INT_CONVERSION = YES;
				CLANG_WARN_NON_LITERAL_NULL_CONVERSION = YES;
				CLANG_WARN_OBJC_IMPLICIT_RETAIN_SELF = YES;
				CLANG_WARN_OBJC_LITERAL_CONVERSION = YES;
				CLANG_WARN_OBJC_ROOT_CLASS = YES_ERROR;
				CLANG_WARN_QUOTED_INCLUDE_IN_FRAMEWORK_HEADER = YES;
				CLANG_WARN_RANGE_LOOP_ANALYSIS = YES;
				CLANG_WARN_STRICT_PROTOTYPES = YES;
				CLANG_WARN_SUSPICIOUS_MOVE = YES;
				CLANG_WARN_UNGUARDED_AVAILABILITY = YES_AGGRESSIVE;
				CLANG_WARN_UNREACHABLE_CODE = YES;
				CLANG_WARN__DUPLICATE_METHOD_MATCH = YES;
				COPY_PHASE_STRIP = NO;
				DEBUG_INFORMATION_FORMAT = "dwarf-with-dsym";
				ENABLE_NS_ASSERTIONS = NO;
				ENABLE_STRICT_OBJC_MSGSEND = YES;
				ENABLE_USER_SCRIPT_SANDBOXING = YES;
				GCC_C_LANGUAGE_STANDARD = gnu17;
				GCC_NO_COMMON_BLOCKS = YES;
				GCC_WARN_64_TO_32_BIT_CONVERSION = YES;
				GCC_WARN_ABOUT_RETURN_TYPE = YES_ERROR;
				GCC_WARN_UNDECLARED_SELECTOR = YES;
				GCC_WARN_UNINITIALIZED_AUTOS = YES_AGGRESSIVE;
				GCC_WARN_UNUSED_FUNCTION = YES;
				GCC_WARN_UNUSED_VARIABLE = YES;
				IPHONEOS_DEPLOYMENT_TARGET = 18.4;
				LOCALIZATION_PREFERS_STRING_CATALOGS = YES;
				MTL_ENABLE_DEBUG_INFO = NO;
				MTL_FAST_MATH = YES;
				SDKROOT = iphoneos;
				SWIFT_COMPILATION_MODE = wholemodule;
				SWIFT_VERSION = 5.0;
				VALIDATE_PRODUCT = YES;
			};
			name = Release;
		};
		8B41F6672DEDD0D6001A66F9 /* Debug */ = {
			isa = XCBuildConfiguration;
			baseConfigurationReferenceAnchor = 8BD71C052DEE41D800CEDD92 /* Config */;
			baseConfigurationReferenceRelativePath = Debug.xcconfig;
			buildSettings = {
				ASSETCATALOG_COMPILER_APPICON_NAME = AppIcon;
				ASSETCATALOG_COMPILER_GLOBAL_ACCENT_COLOR_NAME = AccentColor;
				CODE_SIGN_STYLE = Automatic;
				DEVELOPMENT_TEAM = F5QNUA96GU;
				ENABLE_PREVIEWS = YES;
				GENERATE_INFOPLIST_FILE = NO;
				INFOPLIST_FILE = Config/ShareGatherInfo.plist;
				INFOPLIST_KEY_CFBundleDisplayName = "$(PRODUCT_DISPLAY_NAME)";
				INFOPLIST_KEY_ITSAppUsesNonExemptEncryption = NO;
				INFOPLIST_KEY_UIApplicationSceneManifest_Generation = YES;
				INFOPLIST_KEY_UIApplicationSupportsIndirectInputEvents = YES;
				INFOPLIST_KEY_UILaunchScreen_Generation = YES;
				LD_RUNPATH_SEARCH_PATHS = (
					"$(inherited)",
					"@executable_path/Frameworks",
				);
				SWIFT_EMIT_LOC_STRINGS = YES;
				SWIFT_VERSION = 5.0;
			};
			name = Debug;
		};
		8B41F6682DEDD0D6001A66F9 /* Release */ = {
			isa = XCBuildConfiguration;
			baseConfigurationReferenceAnchor = 8BD71C052DEE41D800CEDD92 /* Config */;
			baseConfigurationReferenceRelativePath = Release.xcconfig;
			buildSettings = {
				ASSETCATALOG_COMPILER_APPICON_NAME = AppIcon;
				ASSETCATALOG_COMPILER_GLOBAL_ACCENT_COLOR_NAME = AccentColor;
				CODE_SIGN_STYLE = Automatic;
				DEVELOPMENT_TEAM = F5QNUA96GU;
				ENABLE_PREVIEWS = YES;
				GENERATE_INFOPLIST_FILE = NO;
				INFOPLIST_FILE = Config/ShareGatherInfo.plist;
				INFOPLIST_KEY_CFBundleDisplayName = "$(PRODUCT_DISPLAY_NAME)";
				INFOPLIST_KEY_ITSAppUsesNonExemptEncryption = NO;
				INFOPLIST_KEY_UIApplicationSceneManifest_Generation = YES;
				INFOPLIST_KEY_UIApplicationSupportsIndirectInputEvents = YES;
				INFOPLIST_KEY_UILaunchScreen_Generation = YES;
				LD_RUNPATH_SEARCH_PATHS = (
					"$(inherited)",
					"@executable_path/Frameworks",
				);
				SWIFT_EMIT_LOC_STRINGS = YES;
				SWIFT_VERSION = 5.0;
			};
			name = Release;
		};
		8B41F66D2DEDD0D6001A66F9 /* Debug */ = {
			isa = XCBuildConfiguration;
			baseConfigurationReferenceAnchor = 8BD71C052DEE41D800CEDD92 /* Config */;
			baseConfigurationReferenceRelativePath = Tests.xcconfig;
			buildSettings = {
				CODE_SIGN_STYLE = Automatic;
				GENERATE_INFOPLIST_FILE = YES;
				SWIFT_EMIT_LOC_STRINGS = NO;
				SWIFT_VERSION = 5.0;
				TARGETED_DEVICE_FAMILY = "1,2";
				TEST_TARGET_NAME = ShareGather;
			};
			name = Debug;
		};
		8B41F66E2DEDD0D6001A66F9 /* Release */ = {
			isa = XCBuildConfiguration;
			baseConfigurationReferenceAnchor = 8BD71C052DEE41D800CEDD92 /* Config */;
			baseConfigurationReferenceRelativePath = Tests.xcconfig;
			buildSettings = {
				CODE_SIGN_STYLE = Automatic;
				GENERATE_INFOPLIST_FILE = YES;
				SWIFT_EMIT_LOC_STRINGS = NO;
				SWIFT_VERSION = 5.0;
				TARGETED_DEVICE_FAMILY = "1,2";
				TEST_TARGET_NAME = ShareGather;
			};
			name = Release;
		};
		8B41F6922DEDD25C001A66F9 /* Debug */ = {
			isa = XCBuildConfiguration;
			buildSettings = {
				APPLICATION_EXTENSION_API_ONLY = YES;
				CODE_SIGN_ENTITLEMENTS = ShareGatherShareExtension/ShareGatherShareExtension.entitlements;
				CODE_SIGN_STYLE = Automatic;
				DEVELOPMENT_TEAM = F5QNUA96GU;
				GENERATE_INFOPLIST_FILE = NO;
				INFOPLIST_FILE = ShareGatherShareExtension/Info.plist;
				IPHONEOS_DEPLOYMENT_TARGET = 17.0;
				LD_RUNPATH_SEARCH_PATHS = (
					"$(inherited)",
					"@executable_path/Frameworks",
					"@executable_path/../../Frameworks",
				);
				PRODUCT_BUNDLE_IDENTIFIER = com.sharegather.app.ShareGatherShareExtension;
				PRODUCT_NAME = ShareGatherShareExtension;
				SDKROOT = iphoneos;
				SKIP_INSTALL = YES;
				SWIFT_VERSION = 5.0;
				TARGETED_DEVICE_FAMILY = 1;
			};
			name = Debug;
		};
		8B41F6932DEDD25C001A66F9 /* Release */ = {
			isa = XCBuildConfiguration;
			buildSettings = {
				APPLICATION_EXTENSION_API_ONLY = YES;
				CODE_SIGN_ENTITLEMENTS = ShareGatherShareExtension/ShareGatherShareExtension.entitlements;
				CODE_SIGN_STYLE = Automatic;
				DEVELOPMENT_TEAM = F5QNUA96GU;
				GENERATE_INFOPLIST_FILE = NO;
				INFOPLIST_FILE = ShareGatherShareExtension/Info.plist;
				IPHONEOS_DEPLOYMENT_TARGET = 17.0;
				LD_RUNPATH_SEARCH_PATHS = (
					"$(inherited)",
					"@executable_path/Frameworks",
					"@executable_path/../../Frameworks",
				);
				PRODUCT_BUNDLE_IDENTIFIER = com.sharegather.app.ShareGatherShareExtension;
				PRODUCT_NAME = ShareGatherShareExtension;
				SDKROOT = iphoneos;
				SKIP_INSTALL = YES;
				SWIFT_VERSION = 5.0;
				TARGETED_DEVICE_FAMILY = 1;
			};
			name = Release;
		};
		8B41F6B12DEDD25C001A66F9 /* Debug */ = {
			isa = XCBuildConfiguration;
			buildSettings = {
				APPLICATION_EXTENSION_API_ONLY = YES;
				CODE_SIGN_ENTITLEMENTS = ShareGatherActionExtension/ShareGatherActionExtension.entitlements;
				CODE_SIGN_STYLE = Automatic;
				DEVELOPMENT_TEAM = F5QNUA96GU;
				GENERATE_INFOPLIST_FILE = NO;
				INFOPLIST_FILE = ShareGatherActionExtension/Info.plist;
				IPHONEOS_DEPLOYMENT_TARGET = 17.0;
				LD_RUNPATH_SEARCH_PATHS = (
					"$(inherited)",
					"@executable_path/Frameworks",
					"@executable_path/../../Frameworks",
				);
				PRODUCT_BUNDLE_IDENTIFIER = com.sharegather.app.ShareGatherActionExtension;
				PRODUCT_NAME = ShareGatherActionExtension;
				SDKROOT = iphoneos;
				SKIP_INSTALL = YES;
				SWIFT_VERSION = 5.0;
				TARGETED_DEVICE_FAMILY = 1;
			};
			name = Debug;
		};
		8B41F6B22DEDD25C001A66F9 /* Release */ = {
			isa = XCBuildConfiguration;
			buildSettings = {
				APPLICATION_EXTENSION_API_ONLY = YES;
				CODE_SIGN_ENTITLEMENTS = ShareGatherActionExtension/ShareGatherActionExtension.entitlements;
				CODE_SIGN_STYLE = Automatic;
				DEVELOPMENT_TEAM = F5QNUA96GU;
				GENERATE_INFOPLIST_FILE = NO;
				INFOPLIST_FILE = ShareGatherActionExtension/Info.plist;
				IPHONEOS_DEPLOYMENT_TARGET = 17.0;
				LD_RUNPATH_SEARCH_PATHS = (
					"$(inherited)",
					"@executable_path/Frameworks",
					"@executable_path/../../Frameworks",
				);
				PRODUCT_BUNDLE_IDENTIFIER = com.sharegather.app.ShareGatherActionExtension;
				PRODUCT_NAME = ShareGatherActionExtension;
				SDKROOT = iphoneos;
				SKIP_INSTALL = YES;
				SWIFT_VERSION = 5.0;
				TARGETED_DEVICE_FAMILY = 1;
			};
			name = Release;
		};
/* End XCBuildConfiguration section */

/* Begin XCConfigurationList section */
		8B41F6402DEDD0D5001A66F9 /* Build configuration list for PBXProject "ShareGather" */ = {
			isa = XCConfigurationList;
			buildConfigurations = (
				8B41F6642DEDD0D6001A66F9 /* Debug */,
				8B41F6652DEDD0D6001A66F9 /* Release */,
			);
			defaultConfigurationIsVisible = 0;
			defaultConfigurationName = Release;
		};
		8B41F6662DEDD0D6001A66F9 /* Build configuration list for PBXNativeTarget "ShareGather" */ = {
			isa = XCConfigurationList;
			buildConfigurations = (
				8B41F6672DEDD0D6001A66F9 /* Debug */,
				8B41F6682DEDD0D6001A66F9 /* Release */,
			);
			defaultConfigurationIsVisible = 0;
			defaultConfigurationName = Release;
		};
		8B41F66C2DEDD0D6001A66F9 /* Build configuration list for PBXNativeTarget "ShareGatherUITests" */ = {
			isa = XCConfigurationList;
			buildConfigurations = (
				8B41F66D2DEDD0D6001A66F9 /* Debug */,
				8B41F66E2DEDD0D6001A66F9 /* Release */,
			);
			defaultConfigurationIsVisible = 0;
			defaultConfigurationName = Release;
		};
		8B41F6942DEDD25C001A66F9 /* Build configuration list for PBXNativeTarget "ShareGatherShareExtension" */ = {
			isa = XCConfigurationList;
			buildConfigurations = (
				8B41F6922DEDD25C001A66F9 /* Debug */,
				8B41F6932DEDD25C001A66F9 /* Release */,
			);
			defaultConfigurationIsVisible = 0;
			defaultConfigurationName = Release;
		};
		8B41F6B02DEDD25C001A66F9 /* Build configuration list for PBXNativeTarget "ShareGatherActionExtension" */ = {
			isa = XCConfigurationList;
			buildConfigurations = (
				8B41F6B12DEDD25C001A66F9 /* Debug */,
				8B41F6B22DEDD25C001A66F9 /* Release */,
			);
			defaultConfigurationIsVisible = 0;
			defaultConfigurationName = Release;
		};
/* End XCConfigurationList section */

/* Begin XCLocalSwiftPackageReference section */
		8B41F6802DEDD23B001A66F9 /* XCLocalSwiftPackageReference "ShareGatherPackage" */ = {
			isa = XCLocalSwiftPackageReference;
			relativePath = ShareGatherPackage;
		};
/* End XCLocalSwiftPackageReference section */

/* Begin XCSwiftPackageProductDependency section */
		8B41F6822DEDD23B001A66F9 /* ShareGatherFeature */ = {
			isa = XCSwiftPackageProductDependency;
			package = 8B41F6802DEDD23B001A66F9 /* XCLocalSwiftPackageReference "ShareGatherPackage" */;
			productName = ShareGatherFeature;
		};
		8B41F6842DEDD25C001A66F9 /* ShareGatherFeature */ = {
			isa = XCSwiftPackageProductDependency;
			package = 8B41F6802DEDD23B001A66F9 /* XCLocalSwiftPackageReference "ShareGatherPackage" */;
			productName = ShareGatherFeature;
		};
		8B41F6952DEDD25C001A66F9 /* ShareGatherStorage */ = {
			isa = XCSwiftPackageProductDependency;
			package = 8B41F6802DEDD23B001A66F9 /* XCLocalSwiftPackageReference "ShareGatherPackage" */;
			productName = ShareGatherStorage;
		};
		8B41F6B42DEDD25C001A66F9 /* ShareGatherStorage */ = {
			isa = XCSwiftPackageProductDependency;
			package = 8B41F6802DEDD23B001A66F9 /* XCLocalSwiftPackageReference "ShareGatherPackage" */;
			productName = ShareGatherStorage;
		};
		C0D3A0012F40000100000002 /* ShareGatherReminders */ = {
			isa = XCSwiftPackageProductDependency;
			package = 8B41F6802DEDD23B001A66F9 /* XCLocalSwiftPackageReference "ShareGatherPackage" */;
			productName = ShareGatherReminders;
		};
		C0D3A0012F40000100000004 /* ShareGatherReminders */ = {
			isa = XCSwiftPackageProductDependency;
			package = 8B41F6802DEDD23B001A66F9 /* XCLocalSwiftPackageReference "ShareGatherPackage" */;
			productName = ShareGatherReminders;
		};
/* End XCSwiftPackageProductDependency section */
	};
	rootObject = 8B41F63D2DEDD0D5001A66F9 /* Project object */;
}
