{
  "originHash" : "383d2e03fa6915719ffc8aab472ffad3a6fffd4c5e082fce7210c6d041274644",
  "pins" : [
    {
      "identity" : "zipfoundation",
      "kind" : "remoteSourceControl",
      "location" : "https://github.com/weichsel/ZIPFoundation.git",
      "state" : {
        "revision" : "22787ffb59de99e5dc1fbfe80b19c97a904ad48d",
        "version" : "0.9.20"
      }
    }
  ],
  "version" : 3
}
